// !$*UTF8*$!
{
	archiveVersion = 1;
	classes = {
	};
	objectVersion = 56;
	objects = {

/* Begin PBXBuildFile section */
		3BDEA1C92AC4704A006A3EE5 /* AppDelegate.m in Sources */ = {isa = PBXBuildFile; fileRef = 3BDEA1C82AC4704A006A3EE5 /* AppDelegate.m */; };
		3BDEA1CC2AC4704A006A3EE5 /* SceneDelegate.m in Sources */ = {isa = PBXBuildFile; fileRef = 3BDEA1CB2AC4704A006A3EE5 /* SceneDelegate.m */; };
		3BDEA1CF2AC4704A006A3EE5 /* ViewController.m in Sources */ = {isa = PBXBuildFile; fileRef = 3BDEA1CE2AC4704A006A3EE5 /* ViewController.m */; };
		3BDEA1D22AC4704A006A3EE5 /* Main.storyboard in Resources */ = {isa = PBXBuildFile; fileRef = 3BDEA1D02AC4704A006A3EE5 /* Main.storyboard */; };
		3BDEA1D42AC4704D006A3EE5 /* Assets.xcassets in Resources */ = {isa = PBXBuildFile; fileRef = 3BDEA1D32AC4704D006A3EE5 /* Assets.xcassets */; };
		3BDEA1D72AC4704D006A3EE5 /* LaunchScreen.storyboard in Resources */ = {isa = PBXBuildFile; fileRef = 3BDEA1D52AC4704D006A3EE5 /* LaunchScreen.storyboard */; };
		3BDEA1DA2AC4704D006A3EE5 /* main.m in Sources */ = {isa = PBXBuildFile; fileRef = 3BDEA1D92AC4704D006A3EE5 /* main.m */; };
		3BDEA1E42AC4704D006A3EE5 /* WeatherTests.m in Sources */ = {isa = PBXBuildFile; fileRef = 3BDEA1E32AC4704D006A3EE5 /* WeatherTests.m */; };
		3BDEA1EE2AC4704D006A3EE5 /* WeatherUITests.m in Sources */ = {isa = PBXBuildFile; fileRef = 3BDEA1ED2AC4704D006A3EE5 /* WeatherUITests.m */; };
		3BDEA1F02AC4704D006A3EE5 /* WeatherUITestsLaunchTests.m in Sources */ = {isa = PBXBuildFile; fileRef = 3BDEA1EF2AC4704D006A3EE5 /* WeatherUITestsLaunchTests.m */; };
/* End PBXBuildFile section */

/* Begin PBXContainerItemProxy section */
		3BDEA1E02AC4704D006A3EE5 /* PBXContainerItemProxy */ = {
			isa = PBXContainerItemProxy;
			containerPortal = 3BDEA1BC2AC4704A006A3EE5 /* Project object */;
			proxyType = 1;
			remoteGlobalIDString = 3BDEA1C32AC4704A006A3EE5;
			remoteInfo = Weather;
		};
		3BDEA1EA2AC4704D006A3EE5 /* PBXContainerItemProxy */ = {
			isa = PBXContainerItemProxy;
			containerPortal = 3BDEA1BC2AC4704A006A3EE5 /* Project object */;
			proxyType = 1;
			remoteGlobalIDString = 3BDEA1C32AC4704A006A3EE5;
			remoteInfo = Weather;
		};
/* End PBXContainerItemProxy section */

/* Begin PBXFileReference section */
		3BDEA1C42AC4704A006A3EE5 /* Weather.app */ = {isa = PBXFileReference; explicitFileType = wrapper.application; includeInIndex = 0; path = Weather.app; sourceTree = BUILT_PRODUCTS_DIR; };
		3BDEA1C72AC4704A006A3EE5 /* AppDelegate.h */ = {isa = PBXFileReference; lastKnownFileType = sourcecode.c.h; path = AppDelegate.h; sourceTree = "<group>"; };
		3BDEA1C82AC4704A006A3EE5 /* AppDelegate.m */ = {isa = PBXFileReference; lastKnownFileType = sourcecode.c.objc; path = AppDelegate.m; sourceTree = "<group>"; };
		3BDEA1CA2AC4704A006A3EE5 /* SceneDelegate.h */ = {isa = PBXFileReference; lastKnownFileType = sourcecode.c.h; path = SceneDelegate.h; sourceTree = "<group>"; };
		3BDEA1CB2AC4704A006A3EE5 /* SceneDelegate.m */ = {isa = PBXFileReference; lastKnownFileType = sourcecode.c.objc; path = SceneDelegate.m; sourceTree = "<group>"; };
		3BDEA1CD2AC4704A006A3EE5 /* ViewController.h */ = {isa = PBXFileReference; lastKnownFileType = sourcecode.c.h; path = ViewController.h; sourceTree = "<group>"; };
		3BDEA1CE2AC4704A006A3EE5 /* ViewController.m */ = {isa = PBXFileReference; lastKnownFileType = sourcecode.c.objc; path = ViewController.m; sourceTree = "<group>"; };
		3BDEA1D12AC4704A006A3EE5 /* Base */ = {isa = PBXFileReference; lastKnownFileType = file.storyboard; name = Base; path = Base.lproj/Main.storyboard; sourceTree = "<group>"; };
		3BDEA1D32AC4704D006A3EE5 /* Assets.xcassets */ = {isa = PBXFileReference; lastKnownFileType = folder.assetcatalog; path = Assets.xcassets; sourceTree = "<group>"; };
		3BDEA1D62AC4704D006A3EE5 /* Base */ = {isa = PBXFileReference; lastKnownFileType = file.storyboard; name = Base; path = Base.lproj/LaunchScreen.storyboard; sourceTree = "<group>"; };
		3BDEA1D82AC4704D006A3EE5 /* Info.plist */ = {isa = PBXFileReference; lastKnownFileType = text.plist.xml; path = Info.plist; sourceTree = "<group>"; };
		3BDEA1D92AC4704D006A3EE5 /* main.m */ = {isa = PBXFileReference; lastKnownFileType = sourcecode.c.objc; path = main.m; sourceTree = "<group>"; };
		3BDEA1DF2AC4704D006A3EE5 /* WeatherTests.xctest */ = {isa = PBXFileReference; explicitFileType = wrapper.cfbundle; includeInIndex = 0; path = WeatherTests.xctest; sourceTree = BUILT_PRODUCTS_DIR; };
		3BDEA1E32AC4704D006A3EE5 /* WeatherTests.m */ = {isa = PBXFileReference; lastKnownFileType = sourcecode.c.objc; path = WeatherTests.m; sourceTree = "<group>"; };
		3BDEA1E92AC4704D006A3EE5 /* WeatherUITests.xctest */ = {isa = PBXFileReference; explicitFileType = wrapper.cfbundle; includeInIndex = 0; path = WeatherUITests.xctest; sourceTree = BUILT_PRODUCTS_DIR; };
		3BDEA1ED2AC4704D006A3EE5 /* WeatherUITests.m */ = {isa = PBXFileReference; lastKnownFileType = sourcecode.c.objc; path = WeatherUITests.m; sourceTree = "<group>"; };
		3BDEA1EF2AC4704D006A3EE5 /* WeatherUITestsLaunchTests.m */ = {isa = PBXFileReference; lastKnownFileType = sourcecode.c.objc; path = WeatherUITestsLaunchTests.m; sourceTree = "<group>"; };
/* End PBXFileReference section */

/* Begin PBXFrameworksBuildPhase section */
		3BDEA1C12AC4704A006A3EE5 /* Frameworks */ = {
			isa = PBXFrameworksBuildPhase;
			buildActionMask = 2147483647;
			files = (
			);
			runOnlyForDeploymentPostprocessing = 0;
		};
		3BDEA1DC2AC4704D006A3EE5 /* Frameworks */ = {
			isa = PBXFrameworksBuildPhase;
			buildActionMask = 2147483647;
			files = (
			);
			runOnlyForDeploymentPostprocessing = 0;
		};
		3BDEA1E62AC4704D006A3EE5 /* Frameworks */ = {
			isa = PBXFrameworksBuildPhase;
			buildActionMask = 2147483647;
			files = (
			);
			runOnlyForDeploymentPostprocessing = 0;
		};
/* End PBXFrameworksBuildPhase section */

/* Begin PBXGroup section */
		3BDEA1BB2AC4704A006A3EE5 = {
			isa = PBXGroup;
			children = (
				3BDEA1C62AC4704A006A3EE5 /* Weather */,
				3BDEA1E22AC4704D006A3EE5 /* WeatherTests */,
				3BDEA1EC2AC4704D006A3EE5 /* WeatherUITests */,
				3BDEA1C52AC4704A006A3EE5 /* Products */,
			);
			sourceTree = "<group>";
		};
		3BDEA1C52AC4704A006A3EE5 /* Products */ = {
			isa = PBXGroup;
			children = (
				3BDEA1C42AC4704A006A3EE5 /* Weather.app */,
				3BDEA1DF2AC4704D006A3EE5 /* WeatherTests.xctest */,
				3BDEA1E92AC4704D006A3EE5 /* WeatherUITests.xctest */,
			);
			name = Products;
			sourceTree = "<group>";
		};
		3BDEA1C62AC4704A006A3EE5 /* Weather */ = {
			isa = PBXGroup;
			children = (
				3BDEA1C72AC4704A006A3EE5 /* AppDelegate.h */,
				3BDEA1C82AC4704A006A3EE5 /* AppDelegate.m */,
				3BDEA1CA2AC4704A006A3EE5 /* SceneDelegate.h */,
				3BDEA1CB2AC4704A006A3EE5 /* SceneDelegate.m */,
				3BDEA1CD2AC4704A006A3EE5 /* ViewController.h */,
				3BDEA1CE2AC4704A006A3EE5 /* ViewController.m */,
				3BDEA1D02AC4704A006A3EE5 /* Main.storyboard */,
				3BDEA1D32AC4704D006A3EE5 /* Assets.xcassets */,
				3BDEA1D52AC4704D006A3EE5 /* LaunchScreen.storyboard */,
				3BDEA1D82AC4704D006A3EE5 /* Info.plist */,
				3BDEA1D92AC4704D006A3EE5 /* main.m */,
			);
			path = Weather;
			sourceTree = "<group>";
		};
		3BDEA1E22AC4704D006A3EE5 /* WeatherTests */ = {
			isa = PBXGroup;
			children = (
				3BDEA1E32AC4704D006A3EE5 /* WeatherTests.m */,
			);
			path = WeatherTests;
			sourceTree = "<group>";
		};
		3BDEA1EC2AC4704D006A3EE5 /* WeatherUITests */ = {
			isa = PBXGroup;
			children = (
				3BDEA1ED2AC4704D006A3EE5 /* WeatherUITests.m */,
				3BDEA1EF2AC4704D006A3EE5 /* WeatherUITestsLaunchTests.m */,
			);
			path = WeatherUITests;
			sourceTree = "<group>";
		};
/* End PBXGroup section */

/* Begin PBXNativeTarget section */
		3BDEA1C32AC4704A006A3EE5 /* Weather */ = {
			isa = PBXNativeTarget;
			buildConfigurationList = 3BDEA1F32AC4704D006A3EE5 /* Build configuration list for PBXNativeTarget "Weather" */;
			buildPhases = (
				3BDEA1C02AC4704A006A3EE5 /* Sources */,
				3BDEA1C12AC4704A006A3EE5 /* Frameworks */,
				3BDEA1C22AC4704A006A3EE5 /* Resources */,
			);
			buildRules = (
			);
			dependencies = (
			);
			name = Weather;
			productName = Weather;
			productReference = 3BDEA1C42AC4704A006A3EE5 /* Weather.app */;
			productType = "com.apple.product-type.application";
		};
		3BDEA1DE2AC4704D006A3EE5 /* WeatherTests */ = {
			isa = PBXNativeTarget;
			buildConfigurationList = 3BDEA1F62AC4704D006A3EE5 /* Build configuration list for PBXNativeTarget "WeatherTests" */;
			buildPhases = (
				3BDEA1DB2AC4704D006A3EE5 /* Sources */,
				3BDEA1DC2AC4704D006A3EE5 /* Frameworks */,
				3BDEA1DD2AC4704D006A3EE5 /* Resources */,
			);
			buildRules = (
			);
			dependencies = (
				3BDEA1E12AC4704D006A3EE5 /* PBXTargetDependency */,
			);
			name = WeatherTests;
			productName = WeatherTests;
			productReference = 3BDEA1DF2AC4704D006A3EE5 /* WeatherTests.xctest */;
			productType = "com.apple.product-type.bundle.unit-test";
		};
		3BDEA1E82AC4704D006A3EE5 /* WeatherUITests */ = {
			isa = PBXNativeTarget;
			buildConfigurationList = 3BDEA1F92AC4704D006A3EE5 /* Build configuration list for PBXNativeTarget "WeatherUITests" */;
			buildPhases = (
				3BDEA1E52AC4704D006A3EE5 /* Sources */,
				3BDEA1E62AC4704D006A3EE5 /* Frameworks */,
				3BDEA1E72AC4704D006A3EE5 /* Resources */,
			);
			buildRules = (
			);
			dependencies = (
				3BDEA1EB2AC4704D006A3EE5 /* PBXTargetDependency */,
			);
			name = WeatherUITests;
			productName = WeatherUITests;
			productReference = 3BDEA1E92AC4704D006A3EE5 /* WeatherUITests.xctest */;
			productType = "com.apple.product-type.bundle.ui-testing";
		};
/* End PBXNativeTarget section */

/* Begin PBXProject section */
		3BDEA1BC2AC4704A006A3EE5 /* Project object */ = {
			isa = PBXProject;
			attributes = {
				BuildIndependentTargetsInParallel = 1;
				LastUpgradeCheck = 1500;
				TargetAttributes = {
					3BDEA1C32AC4704A006A3EE5 = {
						CreatedOnToolsVersion = 15.0;
					};
					3BDEA1DE2AC4704D006A3EE5 = {
						CreatedOnToolsVersion = 15.0;
						TestTargetID = 3BDEA1C32AC4704A006A3EE5;
					};
					3BDEA1E82AC4704D006A3EE5 = {
						CreatedOnToolsVersion = 15.0;
						TestTargetID = 3BDEA1C32AC4704A006A3EE5;
					};
				};
			};
			buildConfigurationList = 3BDEA1BF2AC4704A006A3EE5 /* Build configuration list for PBXProject "Weather" */;
			compatibilityVersion = "Xcode 14.0";
			developmentRegion = en;
			hasScannedForEncodings = 0;
			knownRegions = (
				en,
				Base,
			);
			mainGroup = 3BDEA1BB2AC4704A006A3EE5;
			productRefGroup = 3BDEA1C52AC4704A006A3EE5 /* Products */;
			projectDirPath = "";
			projectRoot = "";
			targets = (
				3BDEA1C32AC4704A006A3EE5 /* Weather */,
				3BDEA1DE2AC4704D006A3EE5 /* WeatherTests */,
				3BDEA1E82AC4704D006A3EE5 /* WeatherUITests */,
			);
		};
/* End PBXProject section */

/* Begin PBXResourcesBuildPhase section */
		3BDEA1C22AC4704A006A3EE5 /* Resources */ = {
			isa = PBXResourcesBuildPhase;
			buildActionMask = 2147483647;
			files = (
				3BDEA1D72AC4704D006A3EE5 /* LaunchScreen.storyboard in Resources */,
				3BDEA1D42AC4704D006A3EE5 /* Assets.xcassets in Resources */,
				3BDEA1D22AC4704A006A3EE5 /* Main.storyboard in Resources */,
			);
			runOnlyForDeploymentPostprocessing = 0;
		};
		3BDEA1DD2AC4704D006A3EE5 /* Resources */ = {
			isa = PBXResourcesBuildPhase;
			buildActionMask = 2147483647;
			files = (
			);
			runOnlyForDeploymentPostprocessing = 0;
		};
		3BDEA1E72AC4704D006A3EE5 /* Resources */ = {
			isa = PBXResourcesBuildPhase;
			buildActionMask = 2147483647;
			files = (
			);
			runOnlyForDeploymentPostprocessing = 0;
		};
/* End PBXResourcesBuildPhase section */

/* Begin PBXSourcesBuildPhase section */
		3BDEA1C02AC4704A006A3EE5 /* Sources */ = {
			isa = PBXSourcesBuildPhase;
			buildActionMask = 2147483647;
			files = (
				3BDEA1CF2AC4704A006A3EE5 /* ViewController.m in Sources */,
				3BDEA1C92AC4704A006A3EE5 /* AppDelegate.m in Sources */,
				3BDEA1DA2AC4704D006A3EE5 /* main.m in Sources */,
				3BDEA1CC2AC4704A006A3EE5 /* SceneDelegate.m in Sources */,
			);
			runOnlyForDeploymentPostprocessing = 0;
		};
		3BDEA1DB2AC4704D006A3EE5 /* Sources */ = {
			isa = PBXSourcesBuildPhase;
			buildActionMask = 2147483647;
			files = (
				3BDEA1E42AC4704D006A3EE5 /* WeatherTests.m in Sources */,
			);
			runOnlyForDeploymentPostprocessing = 0;
		};
		3BDEA1E52AC4704D006A3EE5 /* Sources */ = {
			isa = PBXSourcesBuildPhase;
			buildActionMask = 2147483647;
			files = (
				3BDEA1EE2AC4704D006A3EE5 /* WeatherUITests.m in Sources */,
				3BDEA1F02AC4704D006A3EE5 /* WeatherUITestsLaunchTests.m in Sources */,
			);
			runOnlyForDeploymentPostprocessing = 0;
		};
/* End PBXSourcesBuildPhase section */

/* Begin PBXTargetDependency section */
		3BDEA1E12AC4704D006A3EE5 /* PBXTargetDependency */ = {
			isa = PBXTargetDependency;
			target = 3BDEA1C32AC4704A006A3EE5 /* Weather */;
			targetProxy = 3BDEA1E02AC4704D006A3EE5 /* PBXContainerItemProxy */;
		};
		3BDEA1EB2AC4704D006A3EE5 /* PBXTargetDependency */ = {
			isa = PBXTargetDependency;
			target = 3BDEA1C32AC4704A006A3EE5 /* Weather */;
			targetProxy = 3BDEA1EA2AC4704D006A3EE5 /* PBXContainerItemProxy */;
		};
/* End PBXTargetDependency section */

/* Begin PBXVariantGroup section */
		3BDEA1D02AC4704A006A3EE5 /* Main.storyboard */ = {
			isa = PBXVariantGroup;
			children = (
				3BDEA1D12AC4704A006A3EE5 /* Base */,
			);
			name = Main.storyboard;
			sourceTree = "<group>";
		};
		3BDEA1D52AC4704D006A3EE5 /* LaunchScreen.storyboard */ = {
			isa = PBXVariantGroup;
			children = (
				3BDEA1D62AC4704D006A3EE5 /* Base */,
			);
			name = LaunchScreen.storyboard;
			sourceTree = "<group>";
		};
/* End PBXVariantGroup section */

/* Begin XCBuildConfiguration section */
		3BDEA1F12AC4704D006A3EE5 /* Debug */ = {
			isa = XCBuildConfiguration;
			buildSettings = {
				ALWAYS_SEARCH_USER_PATHS = NO;
				ASSETCATALOG_COMPILER_GENERATE_SWIFT_ASSET_SYMBOL_EXTENSIONS = YES;
				CLANG_ANALYZER_NONNULL = YES;
				CLANG_ANALYZER_NUMBER_OBJECT_CONVERSION = YES_AGGRESSIVE;
				CLANG_CXX_LANGUAGE_STANDARD = "gnu++20";
				CLANG_ENABLE_MODULES = YES;
				CLANG_ENABLE_OBJC_ARC = YES;
				CLANG_ENABLE_OBJC_WEAK = YES;
				CLANG_WARN_BLOCK_CAPTURE_AUTORELEASING = YES;
				CLANG_WARN_BOOL_CONVERSION = YES;
				CLANG_WARN_COMMA = YES;
				CLANG_WARN_CONSTANT_CONVERSION = YES;
				CLANG_WARN_DEPRECATED_OBJC_IMPLEMENTATIONS = YES;
				CLANG_WARN_DIRECT_OBJC_ISA_USAGE = YES_ERROR;
				CLANG_WARN_DOCUMENTATION_COMMENTS = YES;
				CLANG_WARN_EMPTY_BODY = YES;
				CLANG_WARN_ENUM_CONVERSION = YES;
				CLANG_WARN_INFINITE_RECURSION = YES;
				CLANG_WARN_INT_CONVERSION = YES;
				CLANG_WARN_NON_LITERAL_NULL_CONVERSION = YES;
				CLANG_WARN_OBJC_IMPLICIT_RETAIN_SELF = YES;
				CLANG_WARN_OBJC_LITERAL_CONVERSION = YES;
				CLANG_WARN_OBJC_ROOT_CLASS = YES_ERROR;
				CLANG_WARN_QUOTED_INCLUDE_IN_FRAMEWORK_HEADER = YES;
				CLANG_WARN_RANGE_LOOP_ANALYSIS = YES;
				CLANG_WARN_STRICT_PROTOTYPES = YES;
				CLANG_WARN_SUSPICIOUS_MOVE = YES;
				CLANG_WARN_UNGUARDED_AVAILABILITY = YES_AGGRESSIVE;
				CLANG_WARN_UNREACHABLE_CODE = YES;
				CLANG_WARN__DUPLICATE_METHOD_MATCH = YES;
				COPY_PHASE_STRIP = NO;
				DEBUG_INFORMATION_FORMAT = dwarf;
				ENABLE_STRICT_OBJC_MSGSEND = YES;
				ENABLE_TESTABILITY = YES;
				ENABLE_USER_SCRIPT_SANDBOXING = YES;
				GCC_C_LANGUAGE_STANDARD = gnu17;
				GCC_DYNAMIC_NO_PIC = NO;
				GCC_NO_COMMON_BLOCKS = YES;
				GCC_OPTIMIZATION_LEVEL = 0;
				GCC_PREPROCESSOR_DEFINITIONS = (
					"DEBUG=1",
					"$(inherited)",
				);
				GCC_WARN_64_TO_32_BIT_CONVERSION = YES;
				GCC_WARN_ABOUT_RETURN_TYPE = YES_ERROR;
				GCC_WARN_UNDECLARED_SELECTOR = YES;
				GCC_WARN_UNINITIALIZED_AUTOS = YES_AGGRESSIVE;
				GCC_WARN_UNUSED_FUNCTION = YES;
				GCC_WARN_UNUSED_VARIABLE = YES;
				IPHONEOS_DEPLOYMENT_TARGET = 17.0;
				LOCALIZATION_PREFERS_STRING_CATALOGS = YES;
				MTL_ENABLE_DEBUG_INFO = INCLUDE_SOURCE;
				MTL_FAST_MATH = YES;
				ONLY_ACTIVE_ARCH = YES;
				SDKROOT = iphoneos;
			};
			name = Debug;
		};
		3BDEA1F22AC4704D006A3EE5 /* Release */ = {
			isa = XCBuildConfiguration;
			buildSettings = {
				ALWAYS_SEARCH_USER_PATHS = NO;
				ASSETCATALOG_COMPILER_GENERATE_SWIFT_ASSET_SYMBOL_EXTENSIONS = YES;
				CLANG_ANALYZER_NONNULL = YES;
				CLANG_ANALYZER_NUMBER_OBJECT_CONVERSION = YES_AGGRESSIVE;
				CLANG_CXX_LANGUAGE_STANDARD = "gnu++20";
				CLANG_ENABLE_MODULES = YES;
				CLANG_ENABLE_OBJC_ARC = YES;
				CLANG_ENABLE_OBJC_WEAK = YES;
				CLANG_WARN_BLOCK_CAPTURE_AUTORELEASING = YES;
				CLANG_WARN_BOOL_CONVERSION = YES;
				CLANG_WARN_COMMA = YES;
				CLANG_WARN_CONSTANT_CONVERSION = YES;
				CLANG_WARN_DEPRECATED_OBJC_IMPLEMENTATIONS = YES;
				CLANG_WARN_DIRECT_OBJC_ISA_USAGE = YES_ERROR;
				CLANG_WARN_DOCUMENTATION_COMMENTS = YES;
				CLANG_WARN_EMPTY_BODY = YES;
				CLANG_WARN_ENUM_CONVERSION = YES;
				CLANG_WARN_INFINITE_RECURSION = YES;
				CLANG_WARN_INT_CONVERSION = YES;
				CLANG_WARN_NON_LITERAL_NULL_CONVERSION = YES;
				CLANG_WARN_OBJC_IMPLICIT_RETAIN_SELF = YES;
				CLANG_WARN_OBJC_LITERAL_CONVERSION = YES;
				CLANG_WARN_OBJC_ROOT_CLASS = YES_ERROR;
				CLANG_WARN_QUOTED_INCLUDE_IN_FRAMEWORK_HEADER = YES;
				CLANG_WARN_RANGE_LOOP_ANALYSIS = YES;
				CLANG_WARN_STRICT_PROTOTYPES = YES;
				CLANG_WARN_SUSPICIOUS_MOVE = YES;
				CLANG_WARN_UNGUARDED_AVAILABILITY = YES_AGGRESSIVE;
				CLANG_WARN_UNREACHABLE_CODE = YES;
				CLANG_WARN__DUPLICATE_METHOD_MATCH = YES;
				COPY_PHASE_STRIP = NO;
				DEBUG_INFORMATION_FORMAT = "dwarf-with-dsym";
				ENABLE_NS_ASSERTIONS = NO;
				ENABLE_STRICT_OBJC_MSGSEND = YES;
				ENABLE_USER_SCRIPT_SANDBOXING = YES;
				GCC_C_LANGUAGE_STANDARD = gnu17;
				GCC_NO_COMMON_BLOCKS = YES;
				GCC_WARN_64_TO_32_BIT_CONVERSION = YES;
				GCC_WARN_ABOUT_RETURN_TYPE = YES_ERROR;
				GCC_WARN_UNDECLARED_SELECTOR = YES;
				GCC_WARN_UNINITIALIZED_AUTOS = YES_AGGRESSIVE;
				GCC_WARN_UNUSED_FUNCTION = YES;
				GCC_WARN_UNUSED_VARIABLE = YES;
				IPHONEOS_DEPLOYMENT_TARGET = 17.0;
				LOCALIZATION_PREFERS_STRING_CATALOGS = YES;
				MTL_ENABLE_DEBUG_INFO = NO;
				MTL_FAST_MATH = YES;
				SDKROOT = iphoneos;
				VALIDATE_PRODUCT = YES;
			};
			name = Release;
		};
		3BDEA1F42AC4704D006A3EE5 /* Debug */ = {
			isa = XCBuildConfiguration;
			buildSettings = {
				ASSETCATALOG_COMPILER_APPICON_NAME = AppIcon;
				ASSETCATALOG_COMPILER_GLOBAL_ACCENT_COLOR_NAME = AccentColor;
				CODE_SIGN_STYLE = Automatic;
				CURRENT_PROJECT_VERSION = 1;
				DEVELOPMENT_TEAM = 9M2462BUB4;
				GENERATE_INFOPLIST_FILE = YES;
				INFOPLIST_FILE = Weather/Info.plist;
				INFOPLIST_KEY_UIApplicationSupportsIndirectInputEvents = YES;
				INFOPLIST_KEY_UILaunchStoryboardName = LaunchScreen;
				INFOPLIST_KEY_UIMainStoryboardFile = Main;
				INFOPLIST_KEY_UISupportedInterfaceOrientations_iPad = "UIInterfaceOrientationPortrait UIInterfaceOrientationPortraitUpsideDown UIInterfaceOrientationLandscapeLeft UIInterfaceOrientationLandscapeRight";
				INFOPLIST_KEY_UISupportedInterfaceOrientations_iPhone = "UIInterfaceOrientationPortrait UIInterfaceOrientationLandscapeLeft UIInterfaceOrientationLandscapeRight";
				LD_RUNPATH_SEARCH_PATHS = (
					"$(inherited)",
					"@executable_path/Frameworks",
				);
				MARKETING_VERSION = 1.0;
				PRODUCT_BUNDLE_IDENTIFIER = com.demo.Weather;
				PRODUCT_NAME = "$(TARGET_NAME)";
				SWIFT_EMIT_LOC_STRINGS = YES;
				TARGETED_DEVICE_FAMILY = "1,2";
			};
			name = Debug;
		};
		3BDEA1F52AC4704D006A3EE5 /* Release */ = {
			isa = XCBuildConfiguration;
			buildSettings = {
				ASSETCATALOG_COMPILER_APPICON_NAME = AppIcon;
				ASSETCATALOG_COMPILER_GLOBAL_ACCENT_COLOR_NAME = AccentColor;
				CODE_SIGN_STYLE = Automatic;
				CURRENT_PROJECT_VERSION = 1;
				DEVELOPMENT_TEAM = 9M2462BUB4;
				GENERATE_INFOPLIST_FILE = YES;
				INFOPLIST_FILE = Weather/Info.plist;
				INFOPLIST_KEY_UIApplicationSupportsIndirectInputEvents = YES;
				INFOPLIST_KEY_UILaunchStoryboardName = LaunchScreen;
				INFOPLIST_KEY_UIMainStoryboardFile = Main;
				INFOPLIST_KEY_UISupportedInterfaceOrientations_iPad = "UIInterfaceOrientationPortrait UIInterfaceOrientationPortraitUpsideDown UIInterfaceOrientationLandscapeLeft UIInterfaceOrientationLandscapeRight";
				INFOPLIST_KEY_UISupportedInterfaceOrientations_iPhone = "UIInterfaceOrientationPortrait UIInterfaceOrientationLandscapeLeft UIInterfaceOrientationLandscapeRight";
				LD_RUNPATH_SEARCH_PATHS = (
					"$(inherited)",
					"@executable_path/Frameworks",
				);
				MARKETING_VERSION = 1.0;
				PRODUCT_BUNDLE_IDENTIFIER = com.demo.Weather;
				PRODUCT_NAME = "$(TARGET_NAME)";
				SWIFT_EMIT_LOC_STRINGS = YES;
				TARGETED_DEVICE_FAMILY = "1,2";
			};
			name = Release;
		};
		3BDEA1F72AC4704D006A3EE5 /* Debug */ = {
			isa = XCBuildConfiguration;
			buildSettings = {
				BUNDLE_LOADER = "$(TEST_HOST)";
				CODE_SIGN_STYLE = Automatic;
				CURRENT_PROJECT_VERSION = 1;
				DEVELOPMENT_TEAM = 9M2462BUB4;
				GENERATE_INFOPLIST_FILE = YES;
				IPHONEOS_DEPLOYMENT_TARGET = 17.0;
				MARKETING_VERSION = 1.0;
				PRODUCT_BUNDLE_IDENTIFIER = com.demo.WeatherTests;
				PRODUCT_NAME = "$(TARGET_NAME)";
				SWIFT_EMIT_LOC_STRINGS = NO;
				TARGETED_DEVICE_FAMILY = "1,2";
				TEST_HOST = "$(BUILT_PRODUCTS_DIR)/Weather.app/$(BUNDLE_EXECUTABLE_FOLDER_PATH)/Weather";
			};
			name = Debug;
		};
		3BDEA1F82AC4704D006A3EE5 /* Release */ = {
			isa = XCBuildConfiguration;
			buildSettings = {
				BUNDLE_LOADER = "$(TEST_HOST)";
				CODE_SIGN_STYLE = Automatic;
				CURRENT_PROJECT_VERSION = 1;
				DEVELOPMENT_TEAM = 9M2462BUB4;
				GENERATE_INFOPLIST_FILE = YES;
				IPHONEOS_DEPLOYMENT_TARGET = 17.0;
				MARKETING_VERSION = 1.0;
				PRODUCT_BUNDLE_IDENTIFIER = com.demo.WeatherTests;
				PRODUCT_NAME = "$(TARGET_NAME)";
				SWIFT_EMIT_LOC_STRINGS = NO;
				TARGETED_DEVICE_FAMILY = "1,2";
				TEST_HOST = "$(BUILT_PRODUCTS_DIR)/Weather.app/$(BUNDLE_EXECUTABLE_FOLDER_PATH)/Weather";
			};
			name = Release;
		};
		3BDEA1FA2AC4704D006A3EE5 /* Debug */ = {
			isa = XCBuildConfiguration;
			buildSettings = {
				CODE_SIGN_STYLE = Automatic;
				CURRENT_PROJECT_VERSION = 1;
				DEVELOPMENT_TEAM = 9M2462BUB4;
				GENERATE_INFOPLIST_FILE = YES;
				MARKETING_VERSION = 1.0;
				PRODUCT_BUNDLE_IDENTIFIER = com.demo.WeatherUITests;
				PRODUCT_NAME = "$(TARGET_NAME)";
				SWIFT_EMIT_LOC_STRINGS = NO;
				TARGETED_DEVICE_FAMILY = "1,2";
				TEST_TARGET_NAME = Weather;
			};
			name = Debug;
		};
		3BDEA1FB2AC4704D006A3EE5 /* Release */ = {
			isa = XCBuildConfiguration;
			buildSettings = {
				CODE_SIGN_STYLE = Automatic;
				CURRENT_PROJECT_VERSION = 1;
				DEVELOPMENT_TEAM = 9M2462BUB4;
				GENERATE_INFOPLIST_FILE = YES;
				MARKETING_VERSION = 1.0;
				PRODUCT_BUNDLE_IDENTIFIER = com.demo.WeatherUITests;
				PRODUCT_NAME = "$(TARGET_NAME)";
				SWIFT_EMIT_LOC_STRINGS = NO;
				TARGETED_DEVICE_FAMILY = "1,2";
				TEST_TARGET_NAME = Weather;
			};
			name = Release;
		};
/* End XCBuildConfiguration section */

/* Begin XCConfigurationList section */
		3BDEA1BF2AC4704A006A3EE5 /* Build configuration list for PBXProject "Weather" */ = {
			isa = XCConfigurationList;
			buildConfigurations = (
				3BDEA1F12AC4704D006A3EE5 /* Debug */,
				3BDEA1F22AC4704D006A3EE5 /* Release */,
			);
			defaultConfigurationIsVisible = 0;
			defaultConfigurationName = Release;
		};
		3BDEA1F32AC4704D006A3EE5 /* Build configuration list for PBXNativeTarget "Weather" */ = {
			isa = XCConfigurationList;
			buildConfigurations = (
				3BDEA1F42AC4704D006A3EE5 /* Debug */,
				3BDEA1F52AC4704D006A3EE5 /* Release */,
			);
			defaultConfigurationIsVisible = 0;
			defaultConfigurationName = Release;
		};
		3BDEA1F62AC4704D006A3EE5 /* Build configuration list for PBXNativeTarget "WeatherTests" */ = {
			isa = XCConfigurationList;
			buildConfigurations = (
				3BDEA1F72AC4704D006A3EE5 /* Debug */,
				3BDEA1F82AC4704D006A3EE5 /* Release */,
			);
			defaultConfigurationIsVisible = 0;
			defaultConfigurationName = Release;
		};
		3BDEA1F92AC4704D006A3EE5 /* Build configuration list for PBXNativeTarget "WeatherUITests" */ = {
			isa = XCConfigurationList;
			buildConfigurations = (
				3BDEA1FA2AC4704D006A3EE5 /* Debug */,
				3BDEA1FB2AC4704D006A3EE5 /* Release */,
			);
			defaultConfigurationIsVisible = 0;
			defaultConfigurationName = Release;
		};
/* End XCConfigurationList section */
	};
	rootObject = 3BDEA1BC2AC4704A006A3EE5 /* Project object */;
}
